
Microsoft Visual Studio Solution File, Format Version 12.00
# Visual Studio Version 17
VisualStudioVersion = 17.0.31919.166
MinimumVisualStudioVersion = 10.0.40219.1
Project("{FAE04EC0-301F-11D3-BF4B-00C04F79EFBC}") = "WelcomeDataStructure", "WelcomeDataStructure.csproj", "{7349EAF5-09C3-49E8-B8F9-B7D2DE7F82DC}"
EndProject
Global
	GlobalSection(SolutionConfigurationPlatforms) = preSolution
		Debug|Any CPU = Debug|Any CPU
		Release|Any CPU = Release|Any CPU
	EndGlobalSection
	GlobalSection(ProjectConfigurationPlatforms) = postSolution
		{7349EAF5-09C3-49E8-B8F9-B7D2DE7F82DC}.Debug|Any CPU.ActiveCfg = Debug|Any CPU
		{7349EAF5-09C3-49E8-B8F9-B7D2DE7F82DC}.Debug|Any CPU.Build.0 = Debug|Any CPU
		{7349EAF5-09C3-49E8-B8F9-B7D2DE7F82DC}.Release|Any CPU.ActiveCfg = Release|Any CPU
		{7349EAF5-09C3-49E8-B8F9-B7D2DE7F82DC}.Release|Any CPU.Build.0 = Release|Any CPU
	EndGlobalSection
	GlobalSection(SolutionProperties) = preSolution
		HideSolutionNode = FALSE
	EndGlobalSection
	GlobalSection(ExtensibilityGlobals) = postSolution
		SolutionGuid = {72301B28-B66C-457F-B6ED-CB4F33633692}
	EndGlobalSection
EndGlobal
